// !$*UTF8*$!
{
	archiveVersion = 1;
	classes = {
	};
	objectVersion = 50;
	objects = {

/* Begin PBXBuildFile section */
		82DC41E323BA5A7D00F06682 /* AppDelegate.swift in Sources */ = {isa = PBXBuildFile; fileRef = 82DC41E223BA5A7D00F06682 /* AppDelegate.swift */; };
		82DC41E523BA5A7D00F06682 /* SceneDelegate.swift in Sources */ = {isa = PBXBuildFile; fileRef = 82DC41E423BA5A7D00F06682 /* SceneDelegate.swift */; };
		82DC41E723BA5A7D00F06682 /* ViewController.swift in Sources */ = {isa = PBXBuildFile; fileRef = 82DC41E623BA5A7D00F06682 /* ViewController.swift */; };
		82DC41EA23BA5A7D00F06682 /* Main.storyboard in Resources */ = {isa = PBXBuildFile; fileRef = 82DC41E823BA5A7D00F06682 /* Main.storyboard */; };
		82DC41EC23BA5A7E00F06682 /* Assets.xcassets in Resources */ = {isa = PBXBuildFile; fileRef = 82DC41EB23BA5A7E00F06682 /* Assets.xcassets */; };
		82DC41EF23BA5A7E00F06682 /* LaunchScreen.storyboard in Resources */ = {isa = PBXBuildFile; fileRef = 82DC41ED23BA5A7E00F06682 /* LaunchScreen.storyboard */; };
		82DC41F723BA5D7A00F06682 /* AudioBook.swift in Sources */ = {isa = PBXBuildFile; fileRef = 82DC41F623BA5D7A00F06682 /* AudioBook.swift */; };
		82DC41F923BA615200F06682 /* DataStore.swift in Sources */ = {isa = PBXBuildFile; fileRef = 82DC41F823BA615200F06682 /* DataStore.swift */; };
		82DC41FD23BA713A00F06682 /* ItemCollectionViewCell.swift in Sources */ = {isa = PBXBuildFile; fileRef = 82DC41FC23BA713A00F06682 /* ItemCollectionViewCell.swift */; };
		82DC41FF23BA72A400F06682 /* Constants.swift in Sources */ = {isa = PBXBuildFile; fileRef = 82DC41FE23BA72A400F06682 /* Constants.swift */; };
/* End PBXBuildFile section */

/* Begin PBXFileReference section */
		82DC41DF23BA5A7D00F06682 /* iOSTopBooksLists.app */ = {isa = PBXFileReference; explicitFileType = wrapper.application; includeInIndex = 0; path = iOSTopBooksLists.app; sourceTree = BUILT_PRODUCTS_DIR; };
		82DC41E223BA5A7D00F06682 /* AppDelegate.swift */ = {isa = PBXFileReference; lastKnownFileType = sourcecode.swift; path = AppDelegate.swift; sourceTree = "<group>"; };
		82DC41E423BA5A7D00F06682 /* SceneDelegate.swift */ = {isa = PBXFileReference; lastKnownFileType = sourcecode.swift; path = SceneDelegate.swift; sourceTree = "<group>"; };
		82DC41E623BA5A7D00F06682 /* ViewController.swift */ = {isa = PBXFileReference; lastKnownFileType = sourcecode.swift; path = ViewController.swift; sourceTree = "<group>"; };
		82DC41E923BA5A7D00F06682 /* Base */ = {isa = PBXFileReference; lastKnownFileType = file.storyboard; name = Base; path = Base.lproj/Main.storyboard; sourceTree = "<group>"; };
		82DC41EB23BA5A7E00F06682 /* Assets.xcassets */ = {isa = PBXFileReference; lastKnownFileType = folder.assetcatalog; path = Assets.xcassets; sourceTree = "<group>"; };
		82DC41EE23BA5A7E00F06682 /* Base */ = {isa = PBXFileReference; lastKnownFileType = file.storyboard; name = Base; path = Base.lproj/LaunchScreen.storyboard; sourceTree = "<group>"; };
		82DC41F023BA5A7E00F06682 /* Info.plist */ = {isa = PBXFileReference; lastKnownFileType = text.plist.xml; path = Info.plist; sourceTree = "<group>"; };
		82DC41F623BA5D7A00F06682 /* AudioBook.swift */ = {isa = PBXFileReference; lastKnownFileType = sourcecode.swift; path = AudioBook.swift; sourceTree = "<group>"; };
		82DC41F823BA615200F06682 /* DataStore.swift */ = {isa = PBXFileReference; lastKnownFileType = sourcecode.swift; path = DataStore.swift; sourceTree = "<group>"; };
		82DC41FC23BA713A00F06682 /* ItemCollectionViewCell.swift */ = {isa = PBXFileReference; lastKnownFileType = sourcecode.swift; path = ItemCollectionViewCell.swift; sourceTree = "<group>"; };
		82DC41FE23BA72A400F06682 /* Constants.swift */ = {isa = PBXFileReference; lastKnownFileType = sourcecode.swift; path = Constants.swift; sourceTree = "<group>"; };
/* End PBXFileReference section */

/* Begin PBXFrameworksBuildPhase section */
		82DC41DC23BA5A7D00F06682 /* Frameworks */ = {
			isa = PBXFrameworksBuildPhase;
			buildActionMask = 2147483647;
			files = (
			);
			runOnlyForDeploymentPostprocessing = 0;
		};
/* End PBXFrameworksBuildPhase section */

/* Begin PBXGroup section */
		82DC41D623BA5A7C00F06682 = {
			isa = PBXGroup;
			children = (
				82DC41E123BA5A7D00F06682 /* iOSTopBooksLists */,
				82DC41E023BA5A7D00F06682 /* Products */,
			);
			sourceTree = "<group>";
		};
		82DC41E023BA5A7D00F06682 /* Products */ = {
			isa = PBXGroup;
			children = (
				82DC41DF23BA5A7D00F06682 /* iOSTopBooksLists.app */,
			);
			name = Products;
			sourceTree = "<group>";
		};
		82DC41E123BA5A7D00F06682 /* iOSTopBooksLists */ = {
			isa = PBXGroup;
			children = (
				82DC41E223BA5A7D00F06682 /* AppDelegate.swift */,
				82DC41E423BA5A7D00F06682 /* SceneDelegate.swift */,
				82DC41E623BA5A7D00F06682 /* ViewController.swift */,
				82DC41E823BA5A7D00F06682 /* Main.storyboard */,
				82DC41EB23BA5A7E00F06682 /* Assets.xcassets */,
				82DC41ED23BA5A7E00F06682 /* LaunchScreen.storyboard */,
				82DC41F023BA5A7E00F06682 /* Info.plist */,
				82DC41F623BA5D7A00F06682 /* AudioBook.swift */,
				82DC41F823BA615200F06682 /* DataStore.swift */,
				82DC41FC23BA713A00F06682 /* ItemCollectionViewCell.swift */,
				82DC41FE23BA72A400F06682 /* Constants.swift */,
			);
			path = iOSTopBooksLists;
			sourceTree = "<group>";
		};
/* End PBXGroup section */

/* Begin PBXNativeTarget section */
		82DC41DE23BA5A7D00F06682 /* iOSTopBooksLists */ = {
			isa = PBXNativeTarget;
			buildConfigurationList = 82DC41F323BA5A7E00F06682 /* Build configuration list for PBXNativeTarget "iOSTopBooksLists" */;
			buildPhases = (
				82DC41DB23BA5A7D00F06682 /* Sources */,
				82DC41DC23BA5A7D00F06682 /* Frameworks */,
				82DC41DD23BA5A7D00F06682 /* Resources */,
			);
			buildRules = (
			);
			dependencies = (
			);
			name = iOSTopBooksLists;
			productName = iOSTopBooksLists;
			productReference = 82DC41DF23BA5A7D00F06682 /* iOSTopBooksLists.app */;
			productType = "com.apple.product-type.application";
		};
/* End PBXNativeTarget section */

/* Begin PBXProject section */
		82DC41D723BA5A7C00F06682 /* Project object */ = {
			isa = PBXProject;
			attributes = {
				LastSwiftUpdateCheck = 1130;
				LastUpgradeCheck = 1130;
				ORGANIZATIONNAME = "Zin Min Phyoe";
				TargetAttributes = {
					82DC41DE23BA5A7D00F06682 = {
						CreatedOnToolsVersion = 11.3;
					};
				};
			};
			buildConfigurationList = 82DC41DA23BA5A7C00F06682 /* Build configuration list for PBXProject "iOSTopBooksLists" */;
			compatibilityVersion = "Xcode 9.3";
			developmentRegion = en;
			hasScannedForEncodings = 0;
			knownRegions = (
				en,
				Base,
			);
			mainGroup = 82DC41D623BA5A7C00F06682;
			productRefGroup = 82DC41E023BA5A7D00F06682 /* Products */;
			projectDirPath = "";
			projectRoot = "";
			targets = (
				82DC41DE23BA5A7D00F06682 /* iOSTopBooksLists */,
			);
		};
/* End PBXProject section */

/* Begin PBXResourcesBuildPhase section */
		82DC41DD23BA5A7D00F06682 /* Resources */ = {
			isa = PBXResourcesBuildPhase;
			buildActionMask = 2147483647;
			files = (
				82DC41EF23BA5A7E00F06682 /* LaunchScreen.storyboard in Resources */,
				82DC41EC23BA5A7E00F06682 /* Assets.xcassets in Resources */,
				82DC41EA23BA5A7D00F06682 /* Main.storyboard in Resources */,
			);
			runOnlyForDeploymentPostprocessing = 0;
		};
/* End PBXResourcesBuildPhase section */

/* Begin PBXSourcesBuildPhase section */
		82DC41DB23BA5A7D00F06682 /* Sources */ = {
			isa = PBXSourcesBuildPhase;
			buildActionMask = 2147483647;
			files = (
				82DC41E723BA5A7D00F06682 /* ViewController.swift in Sources */,
				82DC41E323BA5A7D00F06682 /* AppDelegate.swift in Sources */,
				82DC41E523BA5A7D00F06682 /* SceneDelegate.swift in Sources */,
				82DC41FD23BA713A00F06682 /* ItemCollectionViewCell.swift in Sources */,
				82DC41FF23BA72A400F06682 /* Constants.swift in Sources */,
				82DC41F923BA615200F06682 /* DataStore.swift in Sources */,
				82DC41F723BA5D7A00F06682 /* AudioBook.swift in Sources */,
			);
			runOnlyForDeploymentPostprocessing = 0;
		};
/* End PBXSourcesBuildPhase section */

/* Begin PBXVariantGroup section */
		82DC41E823BA5A7D00F06682 /* Main.storyboard */ = {
			isa = PBXVariantGroup;
			children = (
				82DC41E923BA5A7D00F06682 /* Base */,
			);
			name = Main.storyboard;
			sourceTree = "<group>";
		};
		82DC41ED23BA5A7E00F06682 /* LaunchScreen.storyboard */ = {
			isa = PBXVariantGroup;
			children = (
				82DC41EE23BA5A7E00F06682 /* Base */,
			);
			name = LaunchScreen.storyboard;
			sourceTree = "<group>";
		};
/* End PBXVariantGroup section */

/* Begin XCBuildConfiguration section */
		82DC41F123BA5A7E00F06682 /* Debug */ = {
			isa = XCBuildConfiguration;
			buildSettings = {
				ALWAYS_SEARCH_USER_PATHS = NO;
				CLANG_ANALYZER_NONNULL = YES;
				CLANG_ANALYZER_NUMBER_OBJECT_CONVERSION = YES_AGGRESSIVE;
				CLANG_CXX_LANGUAGE_STANDARD = "gnu++14";
				CLANG_CXX_LIBRARY = "libc++";
				CLANG_ENABLE_MODULES = YES;
				CLANG_ENABLE_OBJC_ARC = YES;
				CLANG_ENABLE_OBJC_WEAK = YES;
				CLANG_WARN_BLOCK_CAPTURE_AUTORELEASING = YES;
				CLANG_WARN_BOOL_CONVERSION = YES;
				CLANG_WARN_COMMA = YES;
				CLANG_WARN_CONSTANT_CONVERSION = YES;
				CLANG_WARN_DEPRECATED_OBJC_IMPLEMENTATIONS = YES;
				CLANG_WARN_DIRECT_OBJC_ISA_USAGE = YES_ERROR;
				CLANG_WARN_DOCUMENTATION_COMMENTS = YES;
				CLANG_WARN_EMPTY_BODY = YES;
				CLANG_WARN_ENUM_CONVERSION = YES;
				CLANG_WARN_INFINITE_RECURSION = YES;
				CLANG_WARN_INT_CONVERSION = YES;
				CLANG_WARN_NON_LITERAL_NULL_CONVERSION = YES;
				CLANG_WARN_OBJC_IMPLICIT_RETAIN_SELF = YES;
				CLANG_WARN_OBJC_LITERAL_CONVERSION = YES;
				CLANG_WARN_OBJC_ROOT_CLASS = YES_ERROR;
				CLANG_WARN_RANGE_LOOP_ANALYSIS = YES;
				CLANG_WARN_STRICT_PROTOTYPES = YES;
				CLANG_WARN_SUSPICIOUS_MOVE = YES;
				CLANG_WARN_UNGUARDED_AVAILABILITY = YES_AGGRESSIVE;
				CLANG_WARN_UNREACHABLE_CODE = YES;
				CLANG_WARN__DUPLICATE_METHOD_MATCH = YES;
				COPY_PHASE_STRIP = NO;
				DEBUG_INFORMATION_FORMAT = dwarf;
				ENABLE_STRICT_OBJC_MSGSEND = YES;
				ENABLE_TESTABILITY = YES;
				GCC_C_LANGUAGE_STANDARD = gnu11;
				GCC_DYNAMIC_NO_PIC = NO;
				GCC_NO_COMMON_BLOCKS = YES;
				GCC_OPTIMIZATION_LEVEL = 0;
				GCC_PREPROCESSOR_DEFINITIONS = (
					"DEBUG=1",
					"$(inherited)",
				);
				GCC_WARN_64_TO_32_BIT_CONVERSION = YES;
				GCC_WARN_ABOUT_RETURN_TYPE = YES_ERROR;
				GCC_WARN_UNDECLARED_SELECTOR = YES;
				GCC_WARN_UNINITIALIZED_AUTOS = YES_AGGRESSIVE;
				GCC_WARN_UNUSED_FUNCTION = YES;
				GCC_WARN_UNUSED_VARIABLE = YES;
				IPHONEOS_DEPLOYMENT_TARGET = 13.2;
				MTL_ENABLE_DEBUG_INFO = INCLUDE_SOURCE;
				MTL_FAST_MATH = YES;
				ONLY_ACTIVE_ARCH = YES;
				SDKROOT = iphoneos;
				SWIFT_ACTIVE_COMPILATION_CONDITIONS = DEBUG;
				SWIFT_OPTIMIZATION_LEVEL = "-Onone";
			};
			name = Debug;
		};
		82DC41F223BA5A7E00F06682 /* Release */ = {
			isa = XCBuildConfiguration;
			buildSettings = {
				ALWAYS_SEARCH_USER_PATHS = NO;
				CLANG_ANALYZER_NONNULL = YES;
				CLANG_ANALYZER_NUMBER_OBJECT_CONVERSION = YES_AGGRESSIVE;
				CLANG_CXX_LANGUAGE_STANDARD = "gnu++14";
				CLANG_CXX_LIBRARY = "libc++";
				CLANG_ENABLE_MODULES = YES;
				CLANG_ENABLE_OBJC_ARC = YES;
				CLANG_ENABLE_OBJC_WEAK = YES;
				CLANG_WARN_BLOCK_CAPTURE_AUTORELEASING = YES;
				CLANG_WARN_BOOL_CONVERSION = YES;
				CLANG_WARN_COMMA = YES;
				CLANG_WARN_CONSTANT_CONVERSION = YES;
				CLANG_WARN_DEPRECATED_OBJC_IMPLEMENTATIONS = YES;
				CLANG_WARN_DIRECT_OBJC_ISA_USAGE = YES_ERROR;
				CLANG_WARN_DOCUMENTATION_COMMENTS = YES;
				CLANG_WARN_EMPTY_BODY = YES;
				CLANG_WARN_ENUM_CONVERSION = YES;
				CLANG_WARN_INFINITE_RECURSION = YES;
				CLANG_WARN_INT_CONVERSION = YES;
				CLANG_WARN_NON_LITERAL_NULL_CONVERSION = YES;
				CLANG_WARN_OBJC_IMPLICIT_RETAIN_SELF = YES;
				CLANG_WARN_OBJC_LITERAL_CONVERSION = YES;
				CLANG_WARN_OBJC_ROOT_CLASS = YES_ERROR;
				CLANG_WARN_RANGE_LOOP_ANALYSIS = YES;
				CLANG_WARN_STRICT_PROTOTYPES = YES;
				CLANG_WARN_SUSPICIOUS_MOVE = YES;
				CLANG_WARN_UNGUARDED_AVAILABILITY = YES_AGGRESSIVE;
				CLANG_WARN_UNREACHABLE_CODE = YES;
				CLANG_WARN__DUPLICATE_METHOD_MATCH = YES;
				COPY_PHASE_STRIP = NO;
				DEBUG_INFORMATION_FORMAT = "dwarf-with-dsym";
				ENABLE_NS_ASSERTIONS = NO;
				ENABLE_STRICT_OBJC_MSGSEND = YES;
				GCC_C_LANGUAGE_STANDARD = gnu11;
				GCC_NO_COMMON_BLOCKS = YES;
				GCC_WARN_64_TO_32_BIT_CONVERSION = YES;
				GCC_WARN_ABOUT_RETURN_TYPE = YES_ERROR;
				GCC_WARN_UNDECLARED_SELECTOR = YES;
				GCC_WARN_UNINITIALIZED_AUTOS = YES_AGGRESSIVE;
				GCC_WARN_UNUSED_FUNCTION = YES;
				GCC_WARN_UNUSED_VARIABLE = YES;
				IPHONEOS_DEPLOYMENT_TARGET = 13.2;
				MTL_ENABLE_DEBUG_INFO = NO;
				MTL_FAST_MATH = YES;
				SDKROOT = iphoneos;
				SWIFT_COMPILATION_MODE = wholemodule;
				SWIFT_OPTIMIZATION_LEVEL = "-O";
				VALIDATE_PRODUCT = YES;
			};
			name = Release;
		};
		82DC41F423BA5A7E00F06682 /* Debug */ = {
			isa = XCBuildConfiguration;
			buildSettings = {
				ASSETCATALOG_COMPILER_APPICON_NAME = AppIcon;
				CODE_SIGN_STYLE = Automatic;
				DEVELOPMENT_TEAM = L9267Q2T5K;
				INFOPLIST_FILE = iOSTopBooksLists/Info.plist;
				LD_RUNPATH_SEARCH_PATHS = (
					"$(inherited)",
					"@executable_path/Frameworks",
				);
				PRODUCT_BUNDLE_IDENTIFIER = com.padc.iOSTopBooksLists;
				PRODUCT_NAME = "$(TARGET_NAME)";
				SWIFT_VERSION = 5.0;
				TARGETED_DEVICE_FAMILY = "1,2";
			};
			name = Debug;
		};
		82DC41F523BA5A7E00F06682 /* Release */ = {
			isa = XCBuildConfiguration;
			buildSettings = {
				ASSETCATALOG_COMPILER_APPICON_NAME = AppIcon;
				CODE_SIGN_STYLE = Automatic;
				DEVELOPMENT_TEAM = L9267Q2T5K;
				INFOPLIST_FILE = iOSTopBooksLists/Info.plist;
				LD_RUNPATH_SEARCH_PATHS = (
					"$(inherited)",
					"@executable_path/Frameworks",
				);
				PRODUCT_BUNDLE_IDENTIFIER = com.padc.iOSTopBooksLists;
				PRODUCT_NAME = "$(TARGET_NAME)";
				SWIFT_VERSION = 5.0;
				TARGETED_DEVICE_FAMILY = "1,2";
			};
			name = Release;
		};
/* End XCBuildConfiguration section */

/* Begin XCConfigurationList section */
		82DC41DA23BA5A7C00F06682 /* Build configuration list for PBXProject "iOSTopBooksLists" */ = {
			isa = XCConfigurationList;
			buildConfigurations = (
				82DC41F123BA5A7E00F06682 /* Debug */,
				82DC41F223BA5A7E00F06682 /* Release */,
			);
			defaultConfigurationIsVisible = 0;
			defaultConfigurationName = Release;
		};
		82DC41F323BA5A7E00F06682 /* Build configuration list for PBXNativeTarget "iOSTopBooksLists" */ = {
			isa = XCConfigurationList;
			buildConfigurations = (
				82DC41F423BA5A7E00F06682 /* Debug */,
				82DC41F523BA5A7E00F06682 /* Release */,
			);
			defaultConfigurationIsVisible = 0;
			defaultConfigurationName = Release;
		};
/* End XCConfigurationList section */
	};
	rootObject = 82DC41D723BA5A7C00F06682 /* Project object */;
}
